
Microsoft Visual Studio Solution File, Format Version 12.00
# Visual Studio Version 17
VisualStudioVersion = 17.14.36310.24 d17.14
MinimumVisualStudioVersion = 10.0.40219.1
Project("{FAE04EC0-301F-11D3-BF4B-00C04F79EFBC}") = "Task1_2_Code", "Task1_2_Code.csproj", "{527D4BB8-4584-419B-A6F2-5FD5B764AE51}"
EndProject
Global
	GlobalSection(SolutionConfigurationPlatforms) = preSolution
		Debug|Any CPU = Debug|Any CPU
		Release|Any CPU = Release|Any CPU
	EndGlobalSection
	GlobalSection(ProjectConfigurationPlatforms) = postSolution
		{527D4BB8-4584-419B-A6F2-5FD5B764AE51}.Debug|Any CPU.ActiveCfg = Debug|Any CPU
		{527D4BB8-4584-419B-A6F2-5FD5B764AE51}.Debug|Any CPU.Build.0 = Debug|Any CPU
		{527D4BB8-4584-419B-A6F2-5FD5B764AE51}.Release|Any CPU.ActiveCfg = Release|Any CPU
		{527D4BB8-4584-419B-A6F2-5FD5B764AE51}.Release|Any CPU.Build.0 = Release|Any CPU
	EndGlobalSection
	GlobalSection(SolutionProperties) = preSolution
		HideSolutionNode = FALSE
	EndGlobalSection
	GlobalSection(ExtensibilityGlobals) = postSolution
		SolutionGuid = {F7C430EA-4C20-4658-B4AE-BD169585B146}
	EndGlobalSection
EndGlobal
